
Microsoft Visual Studio Solution File, Format Version 12.00
# Visual Studio Version 16
VisualStudioVersion = 16.0.30804.86
MinimumVisualStudioVersion = 10.0.40219.1
Project("{FAE04EC0-301F-11D3-BF4B-00C04F79EFBC}") = "MySocketClient", "MySocketClient.csproj", "{A7A2B487-E8A6-4F82-BC00-572F7865DB4C}"
EndProject
Project("{FAE04EC0-301F-11D3-BF4B-00C04F79EFBC}") = "MySocketServer", "..\MySocketServer\MySocketServer.csproj", "{050C8ACB-E3CF-48B0-A971-86F71B6852ED}"
EndProject
Global
	GlobalSection(SolutionConfigurationPlatforms) = preSolution
		Debug|Any CPU = Debug|Any CPU
		Release|Any CPU = Release|Any CPU
	EndGlobalSection
	GlobalSection(ProjectConfigurationPlatforms) = postSolution
		{A7A2B487-E8A6-4F82-BC00-572F7865DB4C}.Debug|Any CPU.ActiveCfg = Debug|Any CPU
		{A7A2B487-E8A6-4F82-BC00-572F7865DB4C}.Debug|Any CPU.Build.0 = Debug|Any CPU
		{A7A2B487-E8A6-4F82-BC00-572F7865DB4C}.Release|Any CPU.ActiveCfg = Release|Any CPU
		{A7A2B487-E8A6-4F82-BC00-572F7865DB4C}.Release|Any CPU.Build.0 = Release|Any CPU
		{050C8ACB-E3CF-48B0-A971-86F71B6852ED}.Debug|Any CPU.ActiveCfg = Debug|Any CPU
		{050C8ACB-E3CF-48B0-A971-86F71B6852ED}.Debug|Any CPU.Build.0 = Debug|Any CPU
		{050C8ACB-E3CF-48B0-A971-86F71B6852ED}.Release|Any CPU.ActiveCfg = Release|Any CPU
		{050C8ACB-E3CF-48B0-A971-86F71B6852ED}.Release|Any CPU.Build.0 = Release|Any CPU
	EndGlobalSection
	GlobalSection(SolutionProperties) = preSolution
		HideSolutionNode = FALSE
	EndGlobalSection
	GlobalSection(ExtensibilityGlobals) = postSolution
		SolutionGuid = {4D1CD226-C6B8-40EA-A33C-2100995297D6}
	EndGlobalSection
EndGlobal
